
Microsoft Visual Studio Solution File, Format Version 12.00
# Visual Studio Version 16
VisualStudioVersion = 16.0.29009.5
MinimumVisualStudioVersion = 10.0.40219.1
Project("{9A19103F-16F7-4668-BE54-9A1E7A4F7556}") = "HealthApp", "HealthApp\HealthApp\HealthApp.csproj", "{31E42665-CF24-43C9-A09A-E486115DE13E}"
EndProject
Project("{FAE04EC0-301F-11D3-BF4B-00C04F79EFBC}") = "HealthApp.Android", "HealthApp\HealthApp.Android\HealthApp.Android.csproj", "{565F2B4A-DD73-406A-BD43-1405A0DEA9CD}"
EndProject
Project("{FAE04EC0-301F-11D3-BF4B-00C04F79EFBC}") = "HealthAppDatabase.Module", "HealthAppDatabase.Module\HealthAppDatabase.Module.csproj", "{5F15837D-D1E5-44DC-92F0-4F2EBE9C3F8D}"
EndProject
Project("{FAE04EC0-301F-11D3-BF4B-00C04F79EFBC}") = "HealthAppDatabase.Module.Win", "HealthAppDatabase.Module.Win\HealthAppDatabase.Module.Win.csproj", "{7964F87D-BC5D-4C4E-8B2F-71E89739AA97}"
EndProject
Project("{FAE04EC0-301F-11D3-BF4B-00C04F79EFBC}") = "HealthAppDatabase.Win", "HealthAppDatabase.Win\HealthAppDatabase.Win.csproj", "{D05D93DF-312D-4D4E-B980-726871EC7833}"
EndProject
Project("{FAE04EC0-301F-11D3-BF4B-00C04F79EFBC}") = "HealthAppAPI", "HealthAppAPI\HealthAppAPI.csproj", "{513457EF-DC83-44A8-B15E-7A719300BD20}"
EndProject
Global
	GlobalSection(SolutionConfigurationPlatforms) = preSolution
		Debug|Any CPU = Debug|Any CPU
		EasyTest|Any CPU = EasyTest|Any CPU
		Release|Any CPU = Release|Any CPU
	EndGlobalSection
	GlobalSection(ProjectConfigurationPlatforms) = postSolution
		{31E42665-CF24-43C9-A09A-E486115DE13E}.Debug|Any CPU.ActiveCfg = Debug|Any CPU
		{31E42665-CF24-43C9-A09A-E486115DE13E}.Debug|Any CPU.Build.0 = Debug|Any CPU
		{31E42665-CF24-43C9-A09A-E486115DE13E}.EasyTest|Any CPU.ActiveCfg = Release|Any CPU
		{31E42665-CF24-43C9-A09A-E486115DE13E}.EasyTest|Any CPU.Build.0 = Release|Any CPU
		{31E42665-CF24-43C9-A09A-E486115DE13E}.Release|Any CPU.ActiveCfg = Release|Any CPU
		{31E42665-CF24-43C9-A09A-E486115DE13E}.Release|Any CPU.Build.0 = Release|Any CPU
		{565F2B4A-DD73-406A-BD43-1405A0DEA9CD}.Debug|Any CPU.ActiveCfg = Debug|Any CPU
		{565F2B4A-DD73-406A-BD43-1405A0DEA9CD}.Debug|Any CPU.Build.0 = Debug|Any CPU
		{565F2B4A-DD73-406A-BD43-1405A0DEA9CD}.Debug|Any CPU.Deploy.0 = Debug|Any CPU
		{565F2B4A-DD73-406A-BD43-1405A0DEA9CD}.EasyTest|Any CPU.ActiveCfg = Release|Any CPU
		{565F2B4A-DD73-406A-BD43-1405A0DEA9CD}.EasyTest|Any CPU.Build.0 = Release|Any CPU
		{565F2B4A-DD73-406A-BD43-1405A0DEA9CD}.EasyTest|Any CPU.Deploy.0 = Release|Any CPU
		{565F2B4A-DD73-406A-BD43-1405A0DEA9CD}.Release|Any CPU.ActiveCfg = Release|Any CPU
		{565F2B4A-DD73-406A-BD43-1405A0DEA9CD}.Release|Any CPU.Build.0 = Release|Any CPU
		{565F2B4A-DD73-406A-BD43-1405A0DEA9CD}.Release|Any CPU.Deploy.0 = Release|Any CPU
		{5F15837D-D1E5-44DC-92F0-4F2EBE9C3F8D}.Debug|Any CPU.ActiveCfg = Debug|Any CPU
		{5F15837D-D1E5-44DC-92F0-4F2EBE9C3F8D}.Debug|Any CPU.Build.0 = Debug|Any CPU
		{5F15837D-D1E5-44DC-92F0-4F2EBE9C3F8D}.EasyTest|Any CPU.ActiveCfg = EasyTest|Any CPU
		{5F15837D-D1E5-44DC-92F0-4F2EBE9C3F8D}.EasyTest|Any CPU.Build.0 = EasyTest|Any CPU
		{5F15837D-D1E5-44DC-92F0-4F2EBE9C3F8D}.Release|Any CPU.ActiveCfg = Release|Any CPU
		{5F15837D-D1E5-44DC-92F0-4F2EBE9C3F8D}.Release|Any CPU.Build.0 = Release|Any CPU
		{7964F87D-BC5D-4C4E-8B2F-71E89739AA97}.Debug|Any CPU.ActiveCfg = Debug|Any CPU
		{7964F87D-BC5D-4C4E-8B2F-71E89739AA97}.Debug|Any CPU.Build.0 = Debug|Any CPU
		{7964F87D-BC5D-4C4E-8B2F-71E89739AA97}.EasyTest|Any CPU.ActiveCfg = EasyTest|Any CPU
		{7964F87D-BC5D-4C4E-8B2F-71E89739AA97}.EasyTest|Any CPU.Build.0 = EasyTest|Any CPU
		{7964F87D-BC5D-4C4E-8B2F-71E89739AA97}.Release|Any CPU.ActiveCfg = Release|Any CPU
		{7964F87D-BC5D-4C4E-8B2F-71E89739AA97}.Release|Any CPU.Build.0 = Release|Any CPU
		{D05D93DF-312D-4D4E-B980-726871EC7833}.Debug|Any CPU.ActiveCfg = Debug|Any CPU
		{D05D93DF-312D-4D4E-B980-726871EC7833}.Debug|Any CPU.Build.0 = Debug|Any CPU
		{D05D93DF-312D-4D4E-B980-726871EC7833}.EasyTest|Any CPU.ActiveCfg = EasyTest|Any CPU
		{D05D93DF-312D-4D4E-B980-726871EC7833}.EasyTest|Any CPU.Build.0 = EasyTest|Any CPU
		{D05D93DF-312D-4D4E-B980-726871EC7833}.Release|Any CPU.ActiveCfg = Release|Any CPU
		{D05D93DF-312D-4D4E-B980-726871EC7833}.Release|Any CPU.Build.0 = Release|Any CPU
		{513457EF-DC83-44A8-B15E-7A719300BD20}.Debug|Any CPU.ActiveCfg = Debug|Any CPU
		{513457EF-DC83-44A8-B15E-7A719300BD20}.Debug|Any CPU.Build.0 = Debug|Any CPU
		{513457EF-DC83-44A8-B15E-7A719300BD20}.EasyTest|Any CPU.ActiveCfg = Debug|Any CPU
		{513457EF-DC83-44A8-B15E-7A719300BD20}.EasyTest|Any CPU.Build.0 = Debug|Any CPU
		{513457EF-DC83-44A8-B15E-7A719300BD20}.Release|Any CPU.ActiveCfg = Release|Any CPU
		{513457EF-DC83-44A8-B15E-7A719300BD20}.Release|Any CPU.Build.0 = Release|Any CPU
	EndGlobalSection
	GlobalSection(SolutionProperties) = preSolution
		HideSolutionNode = FALSE
	EndGlobalSection
	GlobalSection(ExtensibilityGlobals) = postSolution
		SolutionGuid = {188245D3-53C4-4D42-8ECF-E9DD6EA9C2D6}
	EndGlobalSection
EndGlobal
