
Microsoft Visual Studio Solution File, Format Version 12.00
# Visual Studio Version 16
VisualStudioVersion = 16.0.29009.5
MinimumVisualStudioVersion = 10.0.40219.1
Project("{FAE04EC0-301F-11D3-BF4B-00C04F79EFBC}") = "HealthApp", "HealthApp\HealthApp\HealthApp.csproj", "{31E42665-CF24-43C9-A09A-E486115DE13E}"
EndProject
Project("{FAE04EC0-301F-11D3-BF4B-00C04F79EFBC}") = "HealthApp.Android", "HealthApp\HealthApp.Android\HealthApp.Android.csproj", "{565F2B4A-DD73-406A-BD43-1405A0DEA9CD}"
EndProject
Global
	GlobalSection(SolutionConfigurationPlatforms) = preSolution
		Debug|Any CPU = Debug|Any CPU
		Release|Any CPU = Release|Any CPU
	EndGlobalSection
	GlobalSection(ProjectConfigurationPlatforms) = postSolution
		{31E42665-CF24-43C9-A09A-E486115DE13E}.Debug|Any CPU.ActiveCfg = Debug|Any CPU
		{31E42665-CF24-43C9-A09A-E486115DE13E}.Debug|Any CPU.Build.0 = Debug|Any CPU
		{31E42665-CF24-43C9-A09A-E486115DE13E}.Release|Any CPU.ActiveCfg = Release|Any CPU
		{31E42665-CF24-43C9-A09A-E486115DE13E}.Release|Any CPU.Build.0 = Release|Any CPU
		{565F2B4A-DD73-406A-BD43-1405A0DEA9CD}.Debug|Any CPU.ActiveCfg = Debug|Any CPU
		{565F2B4A-DD73-406A-BD43-1405A0DEA9CD}.Debug|Any CPU.Build.0 = Debug|Any CPU
		{565F2B4A-DD73-406A-BD43-1405A0DEA9CD}.Debug|Any CPU.Deploy.0 = Debug|Any CPU
		{565F2B4A-DD73-406A-BD43-1405A0DEA9CD}.Release|Any CPU.ActiveCfg = Release|Any CPU
		{565F2B4A-DD73-406A-BD43-1405A0DEA9CD}.Release|Any CPU.Build.0 = Release|Any CPU
		{565F2B4A-DD73-406A-BD43-1405A0DEA9CD}.Release|Any CPU.Deploy.0 = Release|Any CPU
	EndGlobalSection
	GlobalSection(SolutionProperties) = preSolution
		HideSolutionNode = FALSE
	EndGlobalSection
	GlobalSection(ExtensibilityGlobals) = postSolution
		SolutionGuid = {188245D3-53C4-4D42-8ECF-E9DD6EA9C2D6}
	EndGlobalSection
EndGlobal
